// !$*UTF8*$!
{
	archiveVersion = 1;
	classes = {
	};
	objectVersion = 46;
	objects = {

/* Begin PBXBuildFile section */
		4E2BC4EC1E7188D300A32081 /* UIButton+EnlargeTouchArea.m in Sources */ = {isa = PBXBuildFile; fileRef = 4E2BC4EB1E7188D300A32081 /* UIButton+EnlargeTouchArea.m */; };
		4E55B6971E51946E00324D05 /* LaunchScreen.storyboard in Resources */ = {isa = PBXBuildFile; fileRef = 4E55B6961E51946E00324D05 /* LaunchScreen.storyboard */; };
		4E6B08331E607AF700309132 /* WTICaculatorStore.m in Sources */ = {isa = PBXBuildFile; fileRef = 4E6B08261E607AF700309132 /* WTICaculatorStore.m */; };
		4E6B08351E607AF700309132 /* WTIMainViewController.m in Sources */ = {isa = PBXBuildFile; fileRef = 4E6B082A1E607AF700309132 /* WTIMainViewController.m */; };
		4E6B08361E607AF700309132 /* WTIMainViewController.xib in Resources */ = {isa = PBXBuildFile; fileRef = 4E6B082B1E607AF700309132 /* WTIMainViewController.xib */; };
		4E6B08371E607AF700309132 /* WTIRGBEngine.m in Sources */ = {isa = PBXBuildFile; fileRef = 4E6B082D1E607AF700309132 /* WTIRGBEngine.m */; };
		4E6B08381E607AF700309132 /* WTISettingViewController.m in Sources */ = {isa = PBXBuildFile; fileRef = 4E6B082F1E607AF700309132 /* WTISettingViewController.m */; };
		4E6B08391E607AF700309132 /* WTISettingViewController.xib in Resources */ = {isa = PBXBuildFile; fileRef = 4E6B08301E607AF700309132 /* WTISettingViewController.xib */; };
		4E6B083A1E607AF700309132 /* WTISimpleOperation.m in Sources */ = {isa = PBXBuildFile; fileRef = 4E6B08321E607AF700309132 /* WTISimpleOperation.m */; };
		4E6B08401E607B0300309132 /* Caculator.m in Sources */ = {isa = PBXBuildFile; fileRef = 4E6B083D1E607B0300309132 /* Caculator.m */; };
		4E6B08411E607B0300309132 /* Operator.m in Sources */ = {isa = PBXBuildFile; fileRef = 4E6B083F1E607B0300309132 /* Operator.m */; };
		4E6B08441E607B3100309132 /* WTISimpleExpression.m in Sources */ = {isa = PBXBuildFile; fileRef = 4E6B08431E607B3100309132 /* WTISimpleExpression.m */; };
		4E6B08471E607B7D00309132 /* WTICoverView.m in Sources */ = {isa = PBXBuildFile; fileRef = 4E6B08461E607B7D00309132 /* WTICoverView.m */; };
		4ED310301E4C46EC0042518D /* main.m in Sources */ = {isa = PBXBuildFile; fileRef = 4ED3102F1E4C46EC0042518D /* main.m */; };
		4ED310331E4C46EC0042518D /* AppDelegate.m in Sources */ = {isa = PBXBuildFile; fileRef = 4ED310321E4C46EC0042518D /* AppDelegate.m */; };
		4ED3103B1E4C46EC0042518D /* Assets.xcassets in Resources */ = {isa = PBXBuildFile; fileRef = 4ED3103A1E4C46EC0042518D /* Assets.xcassets */; };
		4ED310491E4C46EC0042518D /* Simple_CaculatorTests.m in Sources */ = {isa = PBXBuildFile; fileRef = 4ED310481E4C46EC0042518D /* Simple_CaculatorTests.m */; };
		4ED310541E4C46EC0042518D /* Simple_CaculatorUITests.m in Sources */ = {isa = PBXBuildFile; fileRef = 4ED310531E4C46EC0042518D /* Simple_CaculatorUITests.m */; };
/* End PBXBuildFile section */

/* Begin PBXContainerItemProxy section */
		4ED310451E4C46EC0042518D /* PBXContainerItemProxy */ = {
			isa = PBXContainerItemProxy;
			containerPortal = 4ED310231E4C46EC0042518D /* Project object */;
			proxyType = 1;
			remoteGlobalIDString = 4ED3102A1E4C46EC0042518D;
			remoteInfo = "Simple Caculator";
		};
		4ED310501E4C46EC0042518D /* PBXContainerItemProxy */ = {
			isa = PBXContainerItemProxy;
			containerPortal = 4ED310231E4C46EC0042518D /* Project object */;
			proxyType = 1;
			remoteGlobalIDString = 4ED3102A1E4C46EC0042518D;
			remoteInfo = "Simple Caculator";
		};
/* End PBXContainerItemProxy section */

/* Begin PBXFileReference section */
		4E2BC4EA1E7188D300A32081 /* UIButton+EnlargeTouchArea.h */ = {isa = PBXFileReference; fileEncoding = 4; lastKnownFileType = sourcecode.c.h; path = "UIButton+EnlargeTouchArea.h"; sourceTree = "<group>"; };
		4E2BC4EB1E7188D300A32081 /* UIButton+EnlargeTouchArea.m */ = {isa = PBXFileReference; fileEncoding = 4; lastKnownFileType = sourcecode.c.objc; path = "UIButton+EnlargeTouchArea.m"; sourceTree = "<group>"; };
		4E55B6961E51946E00324D05 /* LaunchScreen.storyboard */ = {isa = PBXFileReference; fileEncoding = 4; lastKnownFileType = file.storyboard; path = LaunchScreen.storyboard; sourceTree = "<group>"; };
		4E6B08251E607AF700309132 /* WTICaculatorStore.h */ = {isa = PBXFileReference; fileEncoding = 4; lastKnownFileType = sourcecode.c.h; path = WTICaculatorStore.h; sourceTree = "<group>"; };
		4E6B08261E607AF700309132 /* WTICaculatorStore.m */ = {isa = PBXFileReference; fileEncoding = 4; lastKnownFileType = sourcecode.c.objc; path = WTICaculatorStore.m; sourceTree = "<group>"; };
		4E6B08291E607AF700309132 /* WTIMainViewController.h */ = {isa = PBXFileReference; fileEncoding = 4; lastKnownFileType = sourcecode.c.h; path = WTIMainViewController.h; sourceTree = "<group>"; };
		4E6B082A1E607AF700309132 /* WTIMainViewController.m */ = {isa = PBXFileReference; fileEncoding = 4; lastKnownFileType = sourcecode.c.objc; path = WTIMainViewController.m; sourceTree = "<group>"; };
		4E6B082B1E607AF700309132 /* WTIMainViewController.xib */ = {isa = PBXFileReference; fileEncoding = 4; lastKnownFileType = file.xib; path = WTIMainViewController.xib; sourceTree = "<group>"; };
		4E6B082C1E607AF700309132 /* WTIRGBEngine.h */ = {isa = PBXFileReference; fileEncoding = 4; lastKnownFileType = sourcecode.c.h; path = WTIRGBEngine.h; sourceTree = "<group>"; };
		4E6B082D1E607AF700309132 /* WTIRGBEngine.m */ = {isa = PBXFileReference; fileEncoding = 4; lastKnownFileType = sourcecode.c.objc; path = WTIRGBEngine.m; sourceTree = "<group>"; };
		4E6B082E1E607AF700309132 /* WTISettingViewController.h */ = {isa = PBXFileReference; fileEncoding = 4; lastKnownFileType = sourcecode.c.h; path = WTISettingViewController.h; sourceTree = "<group>"; };
		4E6B082F1E607AF700309132 /* WTISettingViewController.m */ = {isa = PBXFileReference; fileEncoding = 4; lastKnownFileType = sourcecode.c.objc; path = WTISettingViewController.m; sourceTree = "<group>"; };
		4E6B08301E607AF700309132 /* WTISettingViewController.xib */ = {isa = PBXFileReference; fileEncoding = 4; lastKnownFileType = file.xib; path = WTISettingViewController.xib; sourceTree = "<group>"; };
		4E6B08311E607AF700309132 /* WTISimpleOperation.h */ = {isa = PBXFileReference; fileEncoding = 4; lastKnownFileType = sourcecode.c.h; path = WTISimpleOperation.h; sourceTree = "<group>"; };
		4E6B08321E607AF700309132 /* WTISimpleOperation.m */ = {isa = PBXFileReference; fileEncoding = 4; lastKnownFileType = sourcecode.c.objc; path = WTISimpleOperation.m; sourceTree = "<group>"; };
		4E6B083C1E607B0300309132 /* Caculator.h */ = {isa = PBXFileReference; fileEncoding = 4; lastKnownFileType = sourcecode.c.h; path = Caculator.h; sourceTree = "<group>"; };
		4E6B083D1E607B0300309132 /* Caculator.m */ = {isa = PBXFileReference; fileEncoding = 4; lastKnownFileType = sourcecode.c.objc; path = Caculator.m; sourceTree = "<group>"; };
		4E6B083E1E607B0300309132 /* Operator.h */ = {isa = PBXFileReference; fileEncoding = 4; lastKnownFileType = sourcecode.c.h; path = Operator.h; sourceTree = "<group>"; };
		4E6B083F1E607B0300309132 /* Operator.m */ = {isa = PBXFileReference; fileEncoding = 4; lastKnownFileType = sourcecode.c.objc; path = Operator.m; sourceTree = "<group>"; };
		4E6B08421E607B3100309132 /* WTISimpleExpression.h */ = {isa = PBXFileReference; fileEncoding = 4; lastKnownFileType = sourcecode.c.h; path = WTISimpleExpression.h; sourceTree = "<group>"; };
		4E6B08431E607B3100309132 /* WTISimpleExpression.m */ = {isa = PBXFileReference; fileEncoding = 4; lastKnownFileType = sourcecode.c.objc; path = WTISimpleExpression.m; sourceTree = "<group>"; };
		4E6B08451E607B7D00309132 /* WTICoverView.h */ = {isa = PBXFileReference; fileEncoding = 4; lastKnownFileType = sourcecode.c.h; path = WTICoverView.h; sourceTree = "<group>"; };
		4E6B08461E607B7D00309132 /* WTICoverView.m */ = {isa = PBXFileReference; fileEncoding = 4; lastKnownFileType = sourcecode.c.objc; path = WTICoverView.m; sourceTree = "<group>"; };
		4ED3102B1E4C46EC0042518D /* Simple Caculator.app */ = {isa = PBXFileReference; explicitFileType = wrapper.application; includeInIndex = 0; path = "Simple Caculator.app"; sourceTree = BUILT_PRODUCTS_DIR; };
		4ED3102F1E4C46EC0042518D /* main.m */ = {isa = PBXFileReference; lastKnownFileType = sourcecode.c.objc; path = main.m; sourceTree = "<group>"; };
		4ED310311E4C46EC0042518D /* AppDelegate.h */ = {isa = PBXFileReference; lastKnownFileType = sourcecode.c.h; path = AppDelegate.h; sourceTree = "<group>"; };
		4ED310321E4C46EC0042518D /* AppDelegate.m */ = {isa = PBXFileReference; lastKnownFileType = sourcecode.c.objc; path = AppDelegate.m; sourceTree = "<group>"; };
		4ED3103A1E4C46EC0042518D /* Assets.xcassets */ = {isa = PBXFileReference; lastKnownFileType = folder.assetcatalog; path = Assets.xcassets; sourceTree = "<group>"; };
		4ED3103F1E4C46EC0042518D /* Info.plist */ = {isa = PBXFileReference; lastKnownFileType = text.plist.xml; path = Info.plist; sourceTree = "<group>"; };
		4ED310441E4C46EC0042518D /* Simple CaculatorTests.xctest */ = {isa = PBXFileReference; explicitFileType = wrapper.cfbundle; includeInIndex = 0; path = "Simple CaculatorTests.xctest"; sourceTree = BUILT_PRODUCTS_DIR; };
		4ED310481E4C46EC0042518D /* Simple_CaculatorTests.m */ = {isa = PBXFileReference; lastKnownFileType = sourcecode.c.objc; path = Simple_CaculatorTests.m; sourceTree = "<group>"; };
		4ED3104A1E4C46EC0042518D /* Info.plist */ = {isa = PBXFileReference; lastKnownFileType = text.plist.xml; path = Info.plist; sourceTree = "<group>"; };
		4ED3104F1E4C46EC0042518D /* Simple CaculatorUITests.xctest */ = {isa = PBXFileReference; explicitFileType = wrapper.cfbundle; includeInIndex = 0; path = "Simple CaculatorUITests.xctest"; sourceTree = BUILT_PRODUCTS_DIR; };
		4ED310531E4C46EC0042518D /* Simple_CaculatorUITests.m */ = {isa = PBXFileReference; lastKnownFileType = sourcecode.c.objc; path = Simple_CaculatorUITests.m; sourceTree = "<group>"; };
		4ED310551E4C46EC0042518D /* Info.plist */ = {isa = PBXFileReference; lastKnownFileType = text.plist.xml; path = Info.plist; sourceTree = "<group>"; };
		4ED310611E4C47D50042518D /* Setting.h */ = {isa = PBXFileReference; lastKnownFileType = sourcecode.c.h; path = Setting.h; sourceTree = "<group>"; };
/* End PBXFileReference section */

/* Begin PBXFrameworksBuildPhase section */
		4ED310281E4C46EC0042518D /* Frameworks */ = {
			isa = PBXFrameworksBuildPhase;
			buildActionMask = 2147483647;
			files = (
			);
			runOnlyForDeploymentPostprocessing = 0;
		};
		4ED310411E4C46EC0042518D /* Frameworks */ = {
			isa = PBXFrameworksBuildPhase;
			buildActionMask = 2147483647;
			files = (
			);
			runOnlyForDeploymentPostprocessing = 0;
		};
		4ED3104C1E4C46EC0042518D /* Frameworks */ = {
			isa = PBXFrameworksBuildPhase;
			buildActionMask = 2147483647;
			files = (
			);
			runOnlyForDeploymentPostprocessing = 0;
		};
/* End PBXFrameworksBuildPhase section */

/* Begin PBXGroup section */
		4E6B083B1E607B0300309132 /* Caculator */ = {
			isa = PBXGroup;
			children = (
				4E6B083C1E607B0300309132 /* Caculator.h */,
				4E6B083D1E607B0300309132 /* Caculator.m */,
				4E6B083E1E607B0300309132 /* Operator.h */,
				4E6B083F1E607B0300309132 /* Operator.m */,
			);
			path = Caculator;
			sourceTree = "<group>";
		};
		4ED310221E4C46EC0042518D = {
			isa = PBXGroup;
			children = (
				4ED3102D1E4C46EC0042518D /* Simple Caculator */,
				4ED310471E4C46EC0042518D /* Simple CaculatorTests */,
				4ED310521E4C46EC0042518D /* Simple CaculatorUITests */,
				4ED3102C1E4C46EC0042518D /* Products */,
			);
			sourceTree = "<group>";
		};
		4ED3102C1E4C46EC0042518D /* Products */ = {
			isa = PBXGroup;
			children = (
				4ED3102B1E4C46EC0042518D /* Simple Caculator.app */,
				4ED310441E4C46EC0042518D /* Simple CaculatorTests.xctest */,
				4ED3104F1E4C46EC0042518D /* Simple CaculatorUITests.xctest */,
			);
			name = Products;
			sourceTree = "<group>";
		};
		4ED3102D1E4C46EC0042518D /* Simple Caculator */ = {
			isa = PBXGroup;
			children = (
				4E6B083B1E607B0300309132 /* Caculator */,
				4E6B082C1E607AF700309132 /* WTIRGBEngine.h */,
				4E6B082D1E607AF700309132 /* WTIRGBEngine.m */,
				4E6B08311E607AF700309132 /* WTISimpleOperation.h */,
				4E6B08321E607AF700309132 /* WTISimpleOperation.m */,
				4E6B08421E607B3100309132 /* WTISimpleExpression.h */,
				4E6B08431E607B3100309132 /* WTISimpleExpression.m */,
				4E6B08251E607AF700309132 /* WTICaculatorStore.h */,
				4E6B08261E607AF700309132 /* WTICaculatorStore.m */,
				4E6B082E1E607AF700309132 /* WTISettingViewController.h */,
				4E6B082F1E607AF700309132 /* WTISettingViewController.m */,
				4E6B08301E607AF700309132 /* WTISettingViewController.xib */,
				4E6B08291E607AF700309132 /* WTIMainViewController.h */,
				4E6B082A1E607AF700309132 /* WTIMainViewController.m */,
				4E6B082B1E607AF700309132 /* WTIMainViewController.xib */,
				4E6B08451E607B7D00309132 /* WTICoverView.h */,
				4E6B08461E607B7D00309132 /* WTICoverView.m */,
				4E2BC4EA1E7188D300A32081 /* UIButton+EnlargeTouchArea.h */,
				4E2BC4EB1E7188D300A32081 /* UIButton+EnlargeTouchArea.m */,
				4ED3102E1E4C46EC0042518D /* Supporting Files */,
			);
			path = "Simple Caculator";
			sourceTree = "<group>";
		};
		4ED3102E1E4C46EC0042518D /* Supporting Files */ = {
			isa = PBXGroup;
			children = (
				4ED3103A1E4C46EC0042518D /* Assets.xcassets */,
				4ED310311E4C46EC0042518D /* AppDelegate.h */,
				4ED310321E4C46EC0042518D /* AppDelegate.m */,
				4E55B6961E51946E00324D05 /* LaunchScreen.storyboard */,
				4ED3103F1E4C46EC0042518D /* Info.plist */,
				4ED3102F1E4C46EC0042518D /* main.m */,
				4ED310611E4C47D50042518D /* Setting.h */,
			);
			name = "Supporting Files";
			sourceTree = "<group>";
		};
		4ED310471E4C46EC0042518D /* Simple CaculatorTests */ = {
			isa = PBXGroup;
			children = (
				4ED310481E4C46EC0042518D /* Simple_CaculatorTests.m */,
				4ED3104A1E4C46EC0042518D /* Info.plist */,
			);
			path = "Simple CaculatorTests";
			sourceTree = "<group>";
		};
		4ED310521E4C46EC0042518D /* Simple CaculatorUITests */ = {
			isa = PBXGroup;
			children = (
				4ED310531E4C46EC0042518D /* Simple_CaculatorUITests.m */,
				4ED310551E4C46EC0042518D /* Info.plist */,
			);
			path = "Simple CaculatorUITests";
			sourceTree = "<group>";
		};
/* End PBXGroup section */

/* Begin PBXNativeTarget section */
		4ED3102A1E4C46EC0042518D /* Simple Caculator */ = {
			isa = PBXNativeTarget;
			buildConfigurationList = 4ED310581E4C46EC0042518D /* Build configuration list for PBXNativeTarget "Simple Caculator" */;
			buildPhases = (
				4ED310271E4C46EC0042518D /* Sources */,
				4ED310281E4C46EC0042518D /* Frameworks */,
				4ED310291E4C46EC0042518D /* Resources */,
			);
			buildRules = (
			);
			dependencies = (
			);
			name = "Simple Caculator";
			productName = "Simple Caculator";
			productReference = 4ED3102B1E4C46EC0042518D /* Simple Caculator.app */;
			productType = "com.apple.product-type.application";
		};
		4ED310431E4C46EC0042518D /* Simple CaculatorTests */ = {
			isa = PBXNativeTarget;
			buildConfigurationList = 4ED3105B1E4C46EC0042518D /* Build configuration list for PBXNativeTarget "Simple CaculatorTests" */;
			buildPhases = (
				4ED310401E4C46EC0042518D /* Sources */,
				4ED310411E4C46EC0042518D /* Frameworks */,
				4ED310421E4C46EC0042518D /* Resources */,
			);
			buildRules = (
			);
			dependencies = (
				4ED310461E4C46EC0042518D /* PBXTargetDependency */,
			);
			name = "Simple CaculatorTests";
			productName = "Simple CaculatorTests";
			productReference = 4ED310441E4C46EC0042518D /* Simple CaculatorTests.xctest */;
			productType = "com.apple.product-type.bundle.unit-test";
		};
		4ED3104E1E4C46EC0042518D /* Simple CaculatorUITests */ = {
			isa = PBXNativeTarget;
			buildConfigurationList = 4ED3105E1E4C46EC0042518D /* Build configuration list for PBXNativeTarget "Simple CaculatorUITests" */;
			buildPhases = (
				4ED3104B1E4C46EC0042518D /* Sources */,
				4ED3104C1E4C46EC0042518D /* Frameworks */,
				4ED3104D1E4C46EC0042518D /* Resources */,
			);
			buildRules = (
			);
			dependencies = (
				4ED310511E4C46EC0042518D /* PBXTargetDependency */,
			);
			name = "Simple CaculatorUITests";
			productName = "Simple CaculatorUITests";
			productReference = 4ED3104F1E4C46EC0042518D /* Simple CaculatorUITests.xctest */;
			productType = "com.apple.product-type.bundle.ui-testing";
		};
/* End PBXNativeTarget section */

/* Begin PBXProject section */
		4ED310231E4C46EC0042518D /* Project object */ = {
			isa = PBXProject;
			attributes = {
				LastUpgradeCheck = 0820;
				ORGANIZATIONNAME = "吴韬";
				TargetAttributes = {
					4ED3102A1E4C46EC0042518D = {
						CreatedOnToolsVersion = 7.3.1;
						DevelopmentTeam = 7C95GKZ8KZ;
					};
					4ED310431E4C46EC0042518D = {
						CreatedOnToolsVersion = 7.3.1;
						TestTargetID = 4ED3102A1E4C46EC0042518D;
					};
					4ED3104E1E4C46EC0042518D = {
						CreatedOnToolsVersion = 7.3.1;
						TestTargetID = 4ED3102A1E4C46EC0042518D;
					};
				};
			};
			buildConfigurationList = 4ED310261E4C46EC0042518D /* Build configuration list for PBXProject "Simple Caculator" */;
			compatibilityVersion = "Xcode 3.2";
			developmentRegion = English;
			hasScannedForEncodings = 0;
			knownRegions = (
				en,
				Base,
			);
			mainGroup = 4ED310221E4C46EC0042518D;
			productRefGroup = 4ED3102C1E4C46EC0042518D /* Products */;
			projectDirPath = "";
			projectRoot = "";
			targets = (
				4ED3102A1E4C46EC0042518D /* Simple Caculator */,
				4ED310431E4C46EC0042518D /* Simple CaculatorTests */,
				4ED3104E1E4C46EC0042518D /* Simple CaculatorUITests */,
			);
		};
/* End PBXProject section */

/* Begin PBXResourcesBuildPhase section */
		4ED310291E4C46EC0042518D /* Resources */ = {
			isa = PBXResourcesBuildPhase;
			buildActionMask = 2147483647;
			files = (
				4E55B6971E51946E00324D05 /* LaunchScreen.storyboard in Resources */,
				4E6B08361E607AF700309132 /* WTIMainViewController.xib in Resources */,
				4E6B08391E607AF700309132 /* WTISettingViewController.xib in Resources */,
				4ED3103B1E4C46EC0042518D /* Assets.xcassets in Resources */,
			);
			runOnlyForDeploymentPostprocessing = 0;
		};
		4ED310421E4C46EC0042518D /* Resources */ = {
			isa = PBXResourcesBuildPhase;
			buildActionMask = 2147483647;
			files = (
			);
			runOnlyForDeploymentPostprocessing = 0;
		};
		4ED3104D1E4C46EC0042518D /* Resources */ = {
			isa = PBXResourcesBuildPhase;
			buildActionMask = 2147483647;
			files = (
			);
			runOnlyForDeploymentPostprocessing = 0;
		};
/* End PBXResourcesBuildPhase section */

/* Begin PBXSourcesBuildPhase section */
		4ED310271E4C46EC0042518D /* Sources */ = {
			isa = PBXSourcesBuildPhase;
			buildActionMask = 2147483647;
			files = (
				4E6B08401E607B0300309132 /* Caculator.m in Sources */,
				4ED310331E4C46EC0042518D /* AppDelegate.m in Sources */,
				4E6B08331E607AF700309132 /* WTICaculatorStore.m in Sources */,
				4E6B08371E607AF700309132 /* WTIRGBEngine.m in Sources */,
				4E6B08351E607AF700309132 /* WTIMainViewController.m in Sources */,
				4E2BC4EC1E7188D300A32081 /* UIButton+EnlargeTouchArea.m in Sources */,
				4E6B08381E607AF700309132 /* WTISettingViewController.m in Sources */,
				4E6B08471E607B7D00309132 /* WTICoverView.m in Sources */,
				4ED310301E4C46EC0042518D /* main.m in Sources */,
				4E6B083A1E607AF700309132 /* WTISimpleOperation.m in Sources */,
				4E6B08441E607B3100309132 /* WTISimpleExpression.m in Sources */,
				4E6B08411E607B0300309132 /* Operator.m in Sources */,
			);
			runOnlyForDeploymentPostprocessing = 0;
		};
		4ED310401E4C46EC0042518D /* Sources */ = {
			isa = PBXSourcesBuildPhase;
			buildActionMask = 2147483647;
			files = (
				4ED310491E4C46EC0042518D /* Simple_CaculatorTests.m in Sources */,
			);
			runOnlyForDeploymentPostprocessing = 0;
		};
		4ED3104B1E4C46EC0042518D /* Sources */ = {
			isa = PBXSourcesBuildPhase;
			buildActionMask = 2147483647;
			files = (
				4ED310541E4C46EC0042518D /* Simple_CaculatorUITests.m in Sources */,
			);
			runOnlyForDeploymentPostprocessing = 0;
		};
/* End PBXSourcesBuildPhase section */

/* Begin PBXTargetDependency section */
		4ED310461E4C46EC0042518D /* PBXTargetDependency */ = {
			isa = PBXTargetDependency;
			target = 4ED3102A1E4C46EC0042518D /* Simple Caculator */;
			targetProxy = 4ED310451E4C46EC0042518D /* PBXContainerItemProxy */;
		};
		4ED310511E4C46EC0042518D /* PBXTargetDependency */ = {
			isa = PBXTargetDependency;
			target = 4ED3102A1E4C46EC0042518D /* Simple Caculator */;
			targetProxy = 4ED310501E4C46EC0042518D /* PBXContainerItemProxy */;
		};
/* End PBXTargetDependency section */

/* Begin XCBuildConfiguration section */
		4ED310561E4C46EC0042518D /* Debug */ = {
			isa = XCBuildConfiguration;
			buildSettings = {
				ALWAYS_SEARCH_USER_PATHS = NO;
				CLANG_ANALYZER_NONNULL = YES;
				CLANG_CXX_LANGUAGE_STANDARD = "gnu++0x";
				CLANG_CXX_LIBRARY = "libc++";
				CLANG_ENABLE_MODULES = YES;
				CLANG_ENABLE_OBJC_ARC = YES;
				CLANG_WARN_BOOL_CONVERSION = YES;
				CLANG_WARN_CONSTANT_CONVERSION = YES;
				CLANG_WARN_DIRECT_OBJC_ISA_USAGE = YES_ERROR;
				CLANG_WARN_EMPTY_BODY = YES;
				CLANG_WARN_ENUM_CONVERSION = YES;
				CLANG_WARN_INFINITE_RECURSION = YES;
				CLANG_WARN_INT_CONVERSION = YES;
				CLANG_WARN_OBJC_ROOT_CLASS = YES_ERROR;
				CLANG_WARN_SUSPICIOUS_MOVE = YES;
				CLANG_WARN_UNREACHABLE_CODE = YES;
				CLANG_WARN__DUPLICATE_METHOD_MATCH = YES;
				"CODE_SIGN_IDENTITY[sdk=iphoneos*]" = "iPhone Developer";
				COPY_PHASE_STRIP = NO;
				DEBUG_INFORMATION_FORMAT = dwarf;
				ENABLE_STRICT_OBJC_MSGSEND = YES;
				ENABLE_TESTABILITY = YES;
				GCC_C_LANGUAGE_STANDARD = gnu99;
				GCC_DYNAMIC_NO_PIC = NO;
				GCC_NO_COMMON_BLOCKS = YES;
				GCC_OPTIMIZATION_LEVEL = 0;
				GCC_PREPROCESSOR_DEFINITIONS = (
					"DEBUG=1",
					"$(inherited)",
				);
				GCC_WARN_64_TO_32_BIT_CONVERSION = YES;
				GCC_WARN_ABOUT_RETURN_TYPE = YES_ERROR;
				GCC_WARN_UNDECLARED_SELECTOR = YES;
				GCC_WARN_UNINITIALIZED_AUTOS = YES_AGGRESSIVE;
				GCC_WARN_UNUSED_FUNCTION = YES;
				GCC_WARN_UNUSED_VARIABLE = YES;
				IPHONEOS_DEPLOYMENT_TARGET = 9.3;
				MTL_ENABLE_DEBUG_INFO = YES;
				ONLY_ACTIVE_ARCH = YES;
				SDKROOT = iphoneos;
			};
			name = Debug;
		};
		4ED310571E4C46EC0042518D /* Release */ = {
			isa = XCBuildConfiguration;
			buildSettings = {
				ALWAYS_SEARCH_USER_PATHS = NO;
				CLANG_ANALYZER_NONNULL = YES;
				CLANG_CXX_LANGUAGE_STANDARD = "gnu++0x";
				CLANG_CXX_LIBRARY = "libc++";
				CLANG_ENABLE_MODULES = YES;
				CLANG_ENABLE_OBJC_ARC = YES;
				CLANG_WARN_BOOL_CONVERSION = YES;
				CLANG_WARN_CONSTANT_CONVERSION = YES;
				CLANG_WARN_DIRECT_OBJC_ISA_USAGE = YES_ERROR;
				CLANG_WARN_EMPTY_BODY = YES;
				CLANG_WARN_ENUM_CONVERSION = YES;
				CLANG_WARN_INFINITE_RECURSION = YES;
				CLANG_WARN_INT_CONVERSION = YES;
				CLANG_WARN_OBJC_ROOT_CLASS = YES_ERROR;
				CLANG_WARN_SUSPICIOUS_MOVE = YES;
				CLANG_WARN_UNREACHABLE_CODE = YES;
				CLANG_WARN__DUPLICATE_METHOD_MATCH = YES;
				"CODE_SIGN_IDENTITY[sdk=iphoneos*]" = "iPhone Developer";
				COPY_PHASE_STRIP = NO;
				DEBUG_INFORMATION_FORMAT = "dwarf-with-dsym";
				ENABLE_NS_ASSERTIONS = NO;
				ENABLE_STRICT_OBJC_MSGSEND = YES;
				GCC_C_LANGUAGE_STANDARD = gnu99;
				GCC_NO_COMMON_BLOCKS = YES;
				GCC_WARN_64_TO_32_BIT_CONVERSION = YES;
				GCC_WARN_ABOUT_RETURN_TYPE = YES_ERROR;
				GCC_WARN_UNDECLARED_SELECTOR = YES;
				GCC_WARN_UNINITIALIZED_AUTOS = YES_AGGRESSIVE;
				GCC_WARN_UNUSED_FUNCTION = YES;
				GCC_WARN_UNUSED_VARIABLE = YES;
				IPHONEOS_DEPLOYMENT_TARGET = 9.3;
				MTL_ENABLE_DEBUG_INFO = NO;
				SDKROOT = iphoneos;
				VALIDATE_PRODUCT = YES;
			};
			name = Release;
		};
		4ED310591E4C46EC0042518D /* Debug */ = {
			isa = XCBuildConfiguration;
			buildSettings = {
				ASSETCATALOG_COMPILER_APPICON_NAME = AppIcon;
				ASSETCATALOG_COMPILER_LAUNCHIMAGE_NAME = LaunchImage;
				CODE_SIGN_IDENTITY = "iPhone Developer";
				DEVELOPMENT_TEAM = 7C95GKZ8KZ;
				INFOPLIST_FILE = "Simple Caculator/Info.plist";
				LD_RUNPATH_SEARCH_PATHS = "$(inherited) @executable_path/Frameworks";
				PRODUCT_BUNDLE_IDENTIFIER = "wootau.Simple-Caculator";
				PRODUCT_NAME = "$(TARGET_NAME)";
			};
			name = Debug;
		};
		4ED3105A1E4C46EC0042518D /* Release */ = {
			isa = XCBuildConfiguration;
			buildSettings = {
				ASSETCATALOG_COMPILER_APPICON_NAME = AppIcon;
				ASSETCATALOG_COMPILER_LAUNCHIMAGE_NAME = LaunchImage;
				CODE_SIGN_IDENTITY = "iPhone Developer";
				DEVELOPMENT_TEAM = 7C95GKZ8KZ;
				INFOPLIST_FILE = "Simple Caculator/Info.plist";
				LD_RUNPATH_SEARCH_PATHS = "$(inherited) @executable_path/Frameworks";
				PRODUCT_BUNDLE_IDENTIFIER = "wootau.Simple-Caculator";
				PRODUCT_NAME = "$(TARGET_NAME)";
			};
			name = Release;
		};
		4ED3105C1E4C46EC0042518D /* Debug */ = {
			isa = XCBuildConfiguration;
			buildSettings = {
				BUNDLE_LOADER = "$(TEST_HOST)";
				INFOPLIST_FILE = "Simple CaculatorTests/Info.plist";
				LD_RUNPATH_SEARCH_PATHS = "$(inherited) @executable_path/Frameworks @loader_path/Frameworks";
				PRODUCT_BUNDLE_IDENTIFIER = "wootau.Simple-CaculatorTests";
				PRODUCT_NAME = "$(TARGET_NAME)";
				TEST_HOST = "$(BUILT_PRODUCTS_DIR)/Simple Caculator.app/Simple Caculator";
			};
			name = Debug;
		};
		4ED3105D1E4C46EC0042518D /* Release */ = {
			isa = XCBuildConfiguration;
			buildSettings = {
				BUNDLE_LOADER = "$(TEST_HOST)";
				INFOPLIST_FILE = "Simple CaculatorTests/Info.plist";
				LD_RUNPATH_SEARCH_PATHS = "$(inherited) @executable_path/Frameworks @loader_path/Frameworks";
				PRODUCT_BUNDLE_IDENTIFIER = "wootau.Simple-CaculatorTests";
				PRODUCT_NAME = "$(TARGET_NAME)";
				TEST_HOST = "$(BUILT_PRODUCTS_DIR)/Simple Caculator.app/Simple Caculator";
			};
			name = Release;
		};
		4ED3105F1E4C46EC0042518D /* Debug */ = {
			isa = XCBuildConfiguration;
			buildSettings = {
				INFOPLIST_FILE = "Simple CaculatorUITests/Info.plist";
				LD_RUNPATH_SEARCH_PATHS = "$(inherited) @executable_path/Frameworks @loader_path/Frameworks";
				PRODUCT_BUNDLE_IDENTIFIER = "wootau.Simple-CaculatorUITests";
				PRODUCT_NAME = "$(TARGET_NAME)";
				TEST_TARGET_NAME = "Simple Caculator";
			};
			name = Debug;
		};
		4ED310601E4C46EC0042518D /* Release */ = {
			isa = XCBuildConfiguration;
			buildSettings = {
				INFOPLIST_FILE = "Simple CaculatorUITests/Info.plist";
				LD_RUNPATH_SEARCH_PATHS = "$(inherited) @executable_path/Frameworks @loader_path/Frameworks";
				PRODUCT_BUNDLE_IDENTIFIER = "wootau.Simple-CaculatorUITests";
				PRODUCT_NAME = "$(TARGET_NAME)";
				TEST_TARGET_NAME = "Simple Caculator";
			};
			name = Release;
		};
/* End XCBuildConfiguration section */

/* Begin XCConfigurationList section */
		4ED310261E4C46EC0042518D /* Build configuration list for PBXProject "Simple Caculator" */ = {
			isa = XCConfigurationList;
			buildConfigurations = (
				4ED310561E4C46EC0042518D /* Debug */,
				4ED310571E4C46EC0042518D /* Release */,
			);
			defaultConfigurationIsVisible = 0;
			defaultConfigurationName = Release;
		};
		4ED310581E4C46EC0042518D /* Build configuration list for PBXNativeTarget "Simple Caculator" */ = {
			isa = XCConfigurationList;
			buildConfigurations = (
				4ED310591E4C46EC0042518D /* Debug */,
				4ED3105A1E4C46EC0042518D /* Release */,
			);
			defaultConfigurationIsVisible = 0;
			defaultConfigurationName = Release;
		};
		4ED3105B1E4C46EC0042518D /* Build configuration list for PBXNativeTarget "Simple CaculatorTests" */ = {
			isa = XCConfigurationList;
			buildConfigurations = (
				4ED3105C1E4C46EC0042518D /* Debug */,
				4ED3105D1E4C46EC0042518D /* Release */,
			);
			defaultConfigurationIsVisible = 0;
			defaultConfigurationName = Release;
		};
		4ED3105E1E4C46EC0042518D /* Build configuration list for PBXNativeTarget "Simple CaculatorUITests" */ = {
			isa = XCConfigurationList;
			buildConfigurations = (
				4ED3105F1E4C46EC0042518D /* Debug */,
				4ED310601E4C46EC0042518D /* Release */,
			);
			defaultConfigurationIsVisible = 0;
			defaultConfigurationName = Release;
		};
/* End XCConfigurationList section */
	};
	rootObject = 4ED310231E4C46EC0042518D /* Project object */;
}
